
Microsoft Visual Studio Solution File, Format Version 12.00
# Visual Studio Version 16
VisualStudioVersion = 16.0.30011.22
MinimumVisualStudioVersion = 10.0.40219.1
Project("{FAE04EC0-301F-11D3-BF4B-00C04F79EFBC}") = "OOP_lab_2_12_4", "OOP_lab_2_12_4\OOP_lab_2_12_4.csproj", "{1E2168C0-3609-4A85-A1AE-662F5B79A537}"
EndProject
Project("{2150E333-8FDC-42A3-9474-1A3956D46DE8}") = "Solution Items", "Solution Items", "{7B7080F2-1FE8-4B72-AB4B-51B821DF7B8A}"
	ProjectSection(SolutionItems) = preProject
		.travis.yml = .travis.yml
	EndProjectSection
EndProject
Project("{FAE04EC0-301F-11D3-BF4B-00C04F79EFBC}") = "Test", "Test\Test.csproj", "{11F23297-749D-4D23-8B97-E25CEB7D11EF}"
EndProject
Global
	GlobalSection(SolutionConfigurationPlatforms) = preSolution
		Debug|Any CPU = Debug|Any CPU
		Release|Any CPU = Release|Any CPU
	EndGlobalSection
	GlobalSection(ProjectConfigurationPlatforms) = postSolution
		{1E2168C0-3609-4A85-A1AE-662F5B79A537}.Debug|Any CPU.ActiveCfg = Debug|Any CPU
		{1E2168C0-3609-4A85-A1AE-662F5B79A537}.Debug|Any CPU.Build.0 = Debug|Any CPU
		{1E2168C0-3609-4A85-A1AE-662F5B79A537}.Release|Any CPU.ActiveCfg = Release|Any CPU
		{1E2168C0-3609-4A85-A1AE-662F5B79A537}.Release|Any CPU.Build.0 = Release|Any CPU
		{11F23297-749D-4D23-8B97-E25CEB7D11EF}.Debug|Any CPU.ActiveCfg = Debug|Any CPU
		{11F23297-749D-4D23-8B97-E25CEB7D11EF}.Debug|Any CPU.Build.0 = Debug|Any CPU
		{11F23297-749D-4D23-8B97-E25CEB7D11EF}.Release|Any CPU.ActiveCfg = Release|Any CPU
		{11F23297-749D-4D23-8B97-E25CEB7D11EF}.Release|Any CPU.Build.0 = Release|Any CPU
	EndGlobalSection
	GlobalSection(SolutionProperties) = preSolution
		HideSolutionNode = FALSE
	EndGlobalSection
	GlobalSection(ExtensibilityGlobals) = postSolution
		SolutionGuid = {2196ECEE-D696-468C-AF0D-58F6EC3E429A}
	EndGlobalSection
EndGlobal
